
Microsoft Visual Studio Solution File, Format Version 12.00
# Visual Studio Version 16
VisualStudioVersion = 16.0.30711.63
MinimumVisualStudioVersion = 10.0.40219.1
Project("{FAE04EC0-301F-11D3-BF4B-00C04F79EFBC}") = "RestfulAPI", "RestfulAPI\RestfulAPI.csproj", "{118C58C4-6195-44E0-82EF-BD38CD474109}"
EndProject
Global
	GlobalSection(SolutionConfigurationPlatforms) = preSolution
		Debug|Any CPU = Debug|Any CPU
		Release|Any CPU = Release|Any CPU
	EndGlobalSection
	GlobalSection(ProjectConfigurationPlatforms) = postSolution
		{118C58C4-6195-44E0-82EF-BD38CD474109}.Debug|Any CPU.ActiveCfg = Debug|Any CPU
		{118C58C4-6195-44E0-82EF-BD38CD474109}.Debug|Any CPU.Build.0 = Debug|Any CPU
		{118C58C4-6195-44E0-82EF-BD38CD474109}.Release|Any CPU.ActiveCfg = Release|Any CPU
		{118C58C4-6195-44E0-82EF-BD38CD474109}.Release|Any CPU.Build.0 = Release|Any CPU
	EndGlobalSection
	GlobalSection(SolutionProperties) = preSolution
		HideSolutionNode = FALSE
	EndGlobalSection
	GlobalSection(ExtensibilityGlobals) = postSolution
		SolutionGuid = {AE60A01C-C0C8-4742-8A10-6528CA97CA09}
	EndGlobalSection
EndGlobal
